
Microsoft Visual Studio Solution File, Format Version 12.00
# Visual Studio Version 17
VisualStudioVersion = 17.2.32519.379
MinimumVisualStudioVersion = 10.0.40219.1
Project("{FAE04EC0-301F-11D3-BF4B-00C04F79EFBC}") = "EnumerationsWhatIs", "EnumerationsWhatIs\EnumerationsWhatIs.csproj", "{38E2AB60-847C-4A5D-BE63-39C4A648D635}"
EndProject
Global
	GlobalSection(SolutionConfigurationPlatforms) = preSolution
		Debug|Any CPU = Debug|Any CPU
		Release|Any CPU = Release|Any CPU
	EndGlobalSection
	GlobalSection(ProjectConfigurationPlatforms) = postSolution
		{38E2AB60-847C-4A5D-BE63-39C4A648D635}.Debug|Any CPU.ActiveCfg = Debug|Any CPU
		{38E2AB60-847C-4A5D-BE63-39C4A648D635}.Debug|Any CPU.Build.0 = Debug|Any CPU
		{38E2AB60-847C-4A5D-BE63-39C4A648D635}.Release|Any CPU.ActiveCfg = Release|Any CPU
		{38E2AB60-847C-4A5D-BE63-39C4A648D635}.Release|Any CPU.Build.0 = Release|Any CPU
	EndGlobalSection
	GlobalSection(SolutionProperties) = preSolution
		HideSolutionNode = FALSE
	EndGlobalSection
	GlobalSection(ExtensibilityGlobals) = postSolution
		SolutionGuid = {6D2BC810-D2CB-4B76-81B4-C87C0DEFB0AD}
	EndGlobalSection
EndGlobal
