
Microsoft Visual Studio Solution File, Format Version 12.00
# Visual Studio Version 16
VisualStudioVersion = 16.0.31729.503
MinimumVisualStudioVersion = 10.0.40219.1
Project("{FAE04EC0-301F-11D3-BF4B-00C04F79EFBC}") = "NumbersFrom1To100", "NumbersFrom1To100\NumbersFrom1To100.csproj", "{13FFEC88-3882-44F4-BAA3-C8993D081A84}"
EndProject
Project("{FAE04EC0-301F-11D3-BF4B-00C04F79EFBC}") = "NumbersNTo1", "NumbersNTo1\NumbersNTo1.csproj", "{13B91C68-081B-485B-9D94-BAF2A62B7F61}"
EndProject
Project("{FAE04EC0-301F-11D3-BF4B-00C04F79EFBC}") = "Numbers1ToNWithStep3", "Numbers1ToNWithStep3\Numbers1ToNWithStep3.csproj", "{517C5FF6-4923-41B0-BEED-D9673BAD9F76}"
EndProject
Project("{FAE04EC0-301F-11D3-BF4B-00C04F79EFBC}") = "EvenPowersOf2", "EvenPowersOf2\EvenPowersOf2.csproj", "{2CE5136E-C42D-4498-8C96-636CFDC749CB}"
EndProject
Project("{FAE04EC0-301F-11D3-BF4B-00C04F79EFBC}") = "CharacterSequence", "CharacterSequence\CharacterSequence.csproj", "{6F158BCB-79A3-49C1-835F-2E29FF84853A}"
EndProject
Project("{FAE04EC0-301F-11D3-BF4B-00C04F79EFBC}") = "VowelsSum", "VowelsSum\VowelsSum.csproj", "{561650B6-9B65-47E1-AD78-FBC0F060F8EA}"
EndProject
Project("{FAE04EC0-301F-11D3-BF4B-00C04F79EFBC}") = "SumNumbers", "SumNumbers\SumNumbers.csproj", "{169F3BD8-D9EC-4E45-9DE9-3481CD5D6CA5}"
EndProject
Project("{FAE04EC0-301F-11D3-BF4B-00C04F79EFBC}") = "NumberSequence", "NumberSequence\NumberSequence.csproj", "{CDFB1E1E-311E-47C7-98F9-E0D4DB371991}"
EndProject
Project("{FAE04EC0-301F-11D3-BF4B-00C04F79EFBC}") = "LeftAndRightSum", "LeftAndRightSum\LeftAndRightSum.csproj", "{CD0D53CE-88F7-408C-A263-537231A205AB}"
EndProject
Project("{FAE04EC0-301F-11D3-BF4B-00C04F79EFBC}") = "OddEvenSum", "OddEvenSum\OddEvenSum.csproj", "{1944222E-1E67-4116-B5BC-E9EF5C2191CF}"
EndProject
Global
	GlobalSection(SolutionConfigurationPlatforms) = preSolution
		Debug|Any CPU = Debug|Any CPU
		Release|Any CPU = Release|Any CPU
	EndGlobalSection
	GlobalSection(ProjectConfigurationPlatforms) = postSolution
		{13FFEC88-3882-44F4-BAA3-C8993D081A84}.Debug|Any CPU.ActiveCfg = Debug|Any CPU
		{13FFEC88-3882-44F4-BAA3-C8993D081A84}.Debug|Any CPU.Build.0 = Debug|Any CPU
		{13FFEC88-3882-44F4-BAA3-C8993D081A84}.Release|Any CPU.ActiveCfg = Release|Any CPU
		{13FFEC88-3882-44F4-BAA3-C8993D081A84}.Release|Any CPU.Build.0 = Release|Any CPU
		{13B91C68-081B-485B-9D94-BAF2A62B7F61}.Debug|Any CPU.ActiveCfg = Debug|Any CPU
		{13B91C68-081B-485B-9D94-BAF2A62B7F61}.Debug|Any CPU.Build.0 = Debug|Any CPU
		{13B91C68-081B-485B-9D94-BAF2A62B7F61}.Release|Any CPU.ActiveCfg = Release|Any CPU
		{13B91C68-081B-485B-9D94-BAF2A62B7F61}.Release|Any CPU.Build.0 = Release|Any CPU
		{517C5FF6-4923-41B0-BEED-D9673BAD9F76}.Debug|Any CPU.ActiveCfg = Debug|Any CPU
		{517C5FF6-4923-41B0-BEED-D9673BAD9F76}.Debug|Any CPU.Build.0 = Debug|Any CPU
		{517C5FF6-4923-41B0-BEED-D9673BAD9F76}.Release|Any CPU.ActiveCfg = Release|Any CPU
		{517C5FF6-4923-41B0-BEED-D9673BAD9F76}.Release|Any CPU.Build.0 = Release|Any CPU
		{2CE5136E-C42D-4498-8C96-636CFDC749CB}.Debug|Any CPU.ActiveCfg = Debug|Any CPU
		{2CE5136E-C42D-4498-8C96-636CFDC749CB}.Debug|Any CPU.Build.0 = Debug|Any CPU
		{2CE5136E-C42D-4498-8C96-636CFDC749CB}.Release|Any CPU.ActiveCfg = Release|Any CPU
		{2CE5136E-C42D-4498-8C96-636CFDC749CB}.Release|Any CPU.Build.0 = Release|Any CPU
		{6F158BCB-79A3-49C1-835F-2E29FF84853A}.Debug|Any CPU.ActiveCfg = Debug|Any CPU
		{6F158BCB-79A3-49C1-835F-2E29FF84853A}.Debug|Any CPU.Build.0 = Debug|Any CPU
		{6F158BCB-79A3-49C1-835F-2E29FF84853A}.Release|Any CPU.ActiveCfg = Release|Any CPU
		{6F158BCB-79A3-49C1-835F-2E29FF84853A}.Release|Any CPU.Build.0 = Release|Any CPU
		{561650B6-9B65-47E1-AD78-FBC0F060F8EA}.Debug|Any CPU.ActiveCfg = Debug|Any CPU
		{561650B6-9B65-47E1-AD78-FBC0F060F8EA}.Debug|Any CPU.Build.0 = Debug|Any CPU
		{561650B6-9B65-47E1-AD78-FBC0F060F8EA}.Release|Any CPU.ActiveCfg = Release|Any CPU
		{561650B6-9B65-47E1-AD78-FBC0F060F8EA}.Release|Any CPU.Build.0 = Release|Any CPU
		{169F3BD8-D9EC-4E45-9DE9-3481CD5D6CA5}.Debug|Any CPU.ActiveCfg = Debug|Any CPU
		{169F3BD8-D9EC-4E45-9DE9-3481CD5D6CA5}.Debug|Any CPU.Build.0 = Debug|Any CPU
		{169F3BD8-D9EC-4E45-9DE9-3481CD5D6CA5}.Release|Any CPU.ActiveCfg = Release|Any CPU
		{169F3BD8-D9EC-4E45-9DE9-3481CD5D6CA5}.Release|Any CPU.Build.0 = Release|Any CPU
		{CDFB1E1E-311E-47C7-98F9-E0D4DB371991}.Debug|Any CPU.ActiveCfg = Debug|Any CPU
		{CDFB1E1E-311E-47C7-98F9-E0D4DB371991}.Debug|Any CPU.Build.0 = Debug|Any CPU
		{CDFB1E1E-311E-47C7-98F9-E0D4DB371991}.Release|Any CPU.ActiveCfg = Release|Any CPU
		{CDFB1E1E-311E-47C7-98F9-E0D4DB371991}.Release|Any CPU.Build.0 = Release|Any CPU
		{CD0D53CE-88F7-408C-A263-537231A205AB}.Debug|Any CPU.ActiveCfg = Debug|Any CPU
		{CD0D53CE-88F7-408C-A263-537231A205AB}.Debug|Any CPU.Build.0 = Debug|Any CPU
		{CD0D53CE-88F7-408C-A263-537231A205AB}.Release|Any CPU.ActiveCfg = Release|Any CPU
		{CD0D53CE-88F7-408C-A263-537231A205AB}.Release|Any CPU.Build.0 = Release|Any CPU
		{1944222E-1E67-4116-B5BC-E9EF5C2191CF}.Debug|Any CPU.ActiveCfg = Debug|Any CPU
		{1944222E-1E67-4116-B5BC-E9EF5C2191CF}.Debug|Any CPU.Build.0 = Debug|Any CPU
		{1944222E-1E67-4116-B5BC-E9EF5C2191CF}.Release|Any CPU.ActiveCfg = Release|Any CPU
		{1944222E-1E67-4116-B5BC-E9EF5C2191CF}.Release|Any CPU.Build.0 = Release|Any CPU
	EndGlobalSection
	GlobalSection(SolutionProperties) = preSolution
		HideSolutionNode = FALSE
	EndGlobalSection
	GlobalSection(ExtensibilityGlobals) = postSolution
		SolutionGuid = {C3E321ED-4C2F-49F3-A6D3-2A9DF30CDD83}
	EndGlobalSection
EndGlobal
