
Microsoft Visual Studio Solution File, Format Version 12.00
# Visual Studio Version 17
VisualStudioVersion = 17.2.32519.379
MinimumVisualStudioVersion = 10.0.40219.1
Project("{FAE04EC0-301F-11D3-BF4B-00C04F79EFBC}") = "01.Blacksmith", "01.Blacksmith\01.Blacksmith.csproj", "{F3C7ABBA-F324-4549-B608-A95AF0536185}"
EndProject
Project("{FAE04EC0-301F-11D3-BF4B-00C04F79EFBC}") = "02.TruffleHunter", "02.TruffleHunter\02.TruffleHunter.csproj", "{22D0AAB0-0A8C-47FD-AC36-CDBDF36B8051}"
EndProject
Global
	GlobalSection(SolutionConfigurationPlatforms) = preSolution
		Debug|Any CPU = Debug|Any CPU
		Release|Any CPU = Release|Any CPU
	EndGlobalSection
	GlobalSection(ProjectConfigurationPlatforms) = postSolution
		{F3C7ABBA-F324-4549-B608-A95AF0536185}.Debug|Any CPU.ActiveCfg = Debug|Any CPU
		{F3C7ABBA-F324-4549-B608-A95AF0536185}.Debug|Any CPU.Build.0 = Debug|Any CPU
		{F3C7ABBA-F324-4549-B608-A95AF0536185}.Release|Any CPU.ActiveCfg = Release|Any CPU
		{F3C7ABBA-F324-4549-B608-A95AF0536185}.Release|Any CPU.Build.0 = Release|Any CPU
		{22D0AAB0-0A8C-47FD-AC36-CDBDF36B8051}.Debug|Any CPU.ActiveCfg = Debug|Any CPU
		{22D0AAB0-0A8C-47FD-AC36-CDBDF36B8051}.Debug|Any CPU.Build.0 = Debug|Any CPU
		{22D0AAB0-0A8C-47FD-AC36-CDBDF36B8051}.Release|Any CPU.ActiveCfg = Release|Any CPU
		{22D0AAB0-0A8C-47FD-AC36-CDBDF36B8051}.Release|Any CPU.Build.0 = Release|Any CPU
	EndGlobalSection
	GlobalSection(SolutionProperties) = preSolution
		HideSolutionNode = FALSE
	EndGlobalSection
	GlobalSection(ExtensibilityGlobals) = postSolution
		SolutionGuid = {39DAEC16-A6C8-4D83-9DC9-8AC2C31A22A0}
	EndGlobalSection
EndGlobal
