
Microsoft Visual Studio Solution File, Format Version 12.00
# Visual Studio Version 17
VisualStudioVersion = 17.2.32519.379
MinimumVisualStudioVersion = 10.0.40219.1
Project("{FAE04EC0-301F-11D3-BF4B-00C04F79EFBC}") = "CarManufacturer", "CarManufacturer\CarManufacturer.csproj", "{C91C6BA6-F643-4CA7-93AF-73A8E8BD98B0}"
EndProject
Global
	GlobalSection(SolutionConfigurationPlatforms) = preSolution
		Debug|Any CPU = Debug|Any CPU
		Release|Any CPU = Release|Any CPU
	EndGlobalSection
	GlobalSection(ProjectConfigurationPlatforms) = postSolution
		{C91C6BA6-F643-4CA7-93AF-73A8E8BD98B0}.Debug|Any CPU.ActiveCfg = Debug|Any CPU
		{C91C6BA6-F643-4CA7-93AF-73A8E8BD98B0}.Debug|Any CPU.Build.0 = Debug|Any CPU
		{C91C6BA6-F643-4CA7-93AF-73A8E8BD98B0}.Release|Any CPU.ActiveCfg = Release|Any CPU
		{C91C6BA6-F643-4CA7-93AF-73A8E8BD98B0}.Release|Any CPU.Build.0 = Release|Any CPU
	EndGlobalSection
	GlobalSection(SolutionProperties) = preSolution
		HideSolutionNode = FALSE
	EndGlobalSection
	GlobalSection(ExtensibilityGlobals) = postSolution
		SolutionGuid = {754351A2-067C-43B2-9D7E-C79BAD09931E}
	EndGlobalSection
EndGlobal
