
Microsoft Visual Studio Solution File, Format Version 12.00
# Visual Studio Version 16
VisualStudioVersion = 16.0.31729.503
MinimumVisualStudioVersion = 10.0.40219.1
Project("{9A19103F-16F7-4668-BE54-9A1E7A4F7556}") = "Cinema", "Cinema\Cinema.csproj", "{1262BE17-ED6E-4383-A1B7-3EE4DE1F8535}"
EndProject
Project("{9A19103F-16F7-4668-BE54-9A1E7A4F7556}") = "SummerOutfit", "SummerOutfit\SummerOutfit.csproj", "{5882C989-33F5-4B52-9A17-C3BB7DC9E2F3}"
EndProject
Project("{9A19103F-16F7-4668-BE54-9A1E7A4F7556}") = "NewHouse", "NewHouse\NewHouse.csproj", "{35DE6B21-FE7D-4171-BFCD-C280C0E5B04E}"
EndProject
Project("{9A19103F-16F7-4668-BE54-9A1E7A4F7556}") = "FishingBoat", "FishingBoat\FishingBoat.csproj", "{6EDC8232-57C3-4C4E-A4E0-D8C30AD8B4C3}"
EndProject
Project("{9A19103F-16F7-4668-BE54-9A1E7A4F7556}") = "Journey", "Journey\Journey.csproj", "{DB1FEDD5-1AC5-4B3A-A641-63495D45A215}"
EndProject
Project("{9A19103F-16F7-4668-BE54-9A1E7A4F7556}") = "OperationsBetweenNumbers", "OperationsBetweenNumbers\OperationsBetweenNumbers.csproj", "{C448C875-9750-49AD-8643-AE88C4E3F0BE}"
EndProject
Project("{FAE04EC0-301F-11D3-BF4B-00C04F79EFBC}") = "SkiTrip", "SkiTrip\SkiTrip.csproj", "{0EF9B497-AB19-47D4-A614-F26032786DA1}"
EndProject
Project("{FAE04EC0-301F-11D3-BF4B-00C04F79EFBC}") = "HotelRoom", "HotelRoom\HotelRoom.csproj", "{1E3107B2-A903-490D-A436-70AD1E1CE871}"
EndProject
Project("{FAE04EC0-301F-11D3-BF4B-00C04F79EFBC}") = "OnTimeForTheExam", "OnTimeForTheExam\OnTimeForTheExam.csproj", "{CE9225A0-898B-4586-A3B3-99E1138DE49D}"
EndProject
Global
	GlobalSection(SolutionConfigurationPlatforms) = preSolution
		Debug|Any CPU = Debug|Any CPU
		Release|Any CPU = Release|Any CPU
	EndGlobalSection
	GlobalSection(ProjectConfigurationPlatforms) = postSolution
		{1262BE17-ED6E-4383-A1B7-3EE4DE1F8535}.Debug|Any CPU.ActiveCfg = Debug|Any CPU
		{1262BE17-ED6E-4383-A1B7-3EE4DE1F8535}.Debug|Any CPU.Build.0 = Debug|Any CPU
		{1262BE17-ED6E-4383-A1B7-3EE4DE1F8535}.Release|Any CPU.ActiveCfg = Release|Any CPU
		{1262BE17-ED6E-4383-A1B7-3EE4DE1F8535}.Release|Any CPU.Build.0 = Release|Any CPU
		{5882C989-33F5-4B52-9A17-C3BB7DC9E2F3}.Debug|Any CPU.ActiveCfg = Debug|Any CPU
		{5882C989-33F5-4B52-9A17-C3BB7DC9E2F3}.Debug|Any CPU.Build.0 = Debug|Any CPU
		{5882C989-33F5-4B52-9A17-C3BB7DC9E2F3}.Release|Any CPU.ActiveCfg = Release|Any CPU
		{5882C989-33F5-4B52-9A17-C3BB7DC9E2F3}.Release|Any CPU.Build.0 = Release|Any CPU
		{35DE6B21-FE7D-4171-BFCD-C280C0E5B04E}.Debug|Any CPU.ActiveCfg = Debug|Any CPU
		{35DE6B21-FE7D-4171-BFCD-C280C0E5B04E}.Debug|Any CPU.Build.0 = Debug|Any CPU
		{35DE6B21-FE7D-4171-BFCD-C280C0E5B04E}.Release|Any CPU.ActiveCfg = Release|Any CPU
		{35DE6B21-FE7D-4171-BFCD-C280C0E5B04E}.Release|Any CPU.Build.0 = Release|Any CPU
		{6EDC8232-57C3-4C4E-A4E0-D8C30AD8B4C3}.Debug|Any CPU.ActiveCfg = Debug|Any CPU
		{6EDC8232-57C3-4C4E-A4E0-D8C30AD8B4C3}.Debug|Any CPU.Build.0 = Debug|Any CPU
		{6EDC8232-57C3-4C4E-A4E0-D8C30AD8B4C3}.Release|Any CPU.ActiveCfg = Release|Any CPU
		{6EDC8232-57C3-4C4E-A4E0-D8C30AD8B4C3}.Release|Any CPU.Build.0 = Release|Any CPU
		{DB1FEDD5-1AC5-4B3A-A641-63495D45A215}.Debug|Any CPU.ActiveCfg = Debug|Any CPU
		{DB1FEDD5-1AC5-4B3A-A641-63495D45A215}.Debug|Any CPU.Build.0 = Debug|Any CPU
		{DB1FEDD5-1AC5-4B3A-A641-63495D45A215}.Release|Any CPU.ActiveCfg = Release|Any CPU
		{DB1FEDD5-1AC5-4B3A-A641-63495D45A215}.Release|Any CPU.Build.0 = Release|Any CPU
		{C448C875-9750-49AD-8643-AE88C4E3F0BE}.Debug|Any CPU.ActiveCfg = Debug|Any CPU
		{C448C875-9750-49AD-8643-AE88C4E3F0BE}.Debug|Any CPU.Build.0 = Debug|Any CPU
		{C448C875-9750-49AD-8643-AE88C4E3F0BE}.Release|Any CPU.ActiveCfg = Release|Any CPU
		{C448C875-9750-49AD-8643-AE88C4E3F0BE}.Release|Any CPU.Build.0 = Release|Any CPU
		{0EF9B497-AB19-47D4-A614-F26032786DA1}.Debug|Any CPU.ActiveCfg = Debug|Any CPU
		{0EF9B497-AB19-47D4-A614-F26032786DA1}.Debug|Any CPU.Build.0 = Debug|Any CPU
		{0EF9B497-AB19-47D4-A614-F26032786DA1}.Release|Any CPU.ActiveCfg = Release|Any CPU
		{0EF9B497-AB19-47D4-A614-F26032786DA1}.Release|Any CPU.Build.0 = Release|Any CPU
		{1E3107B2-A903-490D-A436-70AD1E1CE871}.Debug|Any CPU.ActiveCfg = Debug|Any CPU
		{1E3107B2-A903-490D-A436-70AD1E1CE871}.Debug|Any CPU.Build.0 = Debug|Any CPU
		{1E3107B2-A903-490D-A436-70AD1E1CE871}.Release|Any CPU.ActiveCfg = Release|Any CPU
		{1E3107B2-A903-490D-A436-70AD1E1CE871}.Release|Any CPU.Build.0 = Release|Any CPU
		{CE9225A0-898B-4586-A3B3-99E1138DE49D}.Debug|Any CPU.ActiveCfg = Debug|Any CPU
		{CE9225A0-898B-4586-A3B3-99E1138DE49D}.Debug|Any CPU.Build.0 = Debug|Any CPU
		{CE9225A0-898B-4586-A3B3-99E1138DE49D}.Release|Any CPU.ActiveCfg = Release|Any CPU
		{CE9225A0-898B-4586-A3B3-99E1138DE49D}.Release|Any CPU.Build.0 = Release|Any CPU
	EndGlobalSection
	GlobalSection(SolutionProperties) = preSolution
		HideSolutionNode = FALSE
	EndGlobalSection
	GlobalSection(ExtensibilityGlobals) = postSolution
		SolutionGuid = {95266976-07CD-40B7-88E7-570EB9F95855}
	EndGlobalSection
EndGlobal
