
Microsoft Visual Studio Solution File, Format Version 12.00
# Visual Studio Version 16
VisualStudioVersion = 16.0.31729.503
MinimumVisualStudioVersion = 10.0.40219.1
Project("{FAE04EC0-301F-11D3-BF4B-00C04F79EFBC}") = "1Task_CSharp_Exam14112021", "1Task_CSharp_Exam14112021\1Task_CSharp_Exam14112021.csproj", "{5F24EE38-DCD3-463D-A3CF-253C067DD506}"
EndProject
Project("{FAE04EC0-301F-11D3-BF4B-00C04F79EFBC}") = "2Task_CSharp_Exam14112021", "2Task_CSharp_Exam14112021\2Task_CSharp_Exam14112021.csproj", "{B9CA70D6-6C71-476C-A14A-0A6A6E2762AB}"
EndProject
Project("{FAE04EC0-301F-11D3-BF4B-00C04F79EFBC}") = "3Task_CSharp_Exam14112021", "3Task_CSharp_Exam14112021\3Task_CSharp_Exam14112021.csproj", "{57B024B7-2794-4B88-9F20-B90C392A3A53}"
EndProject
Project("{FAE04EC0-301F-11D3-BF4B-00C04F79EFBC}") = "4Task_CSharp_Exam14112021", "4Task_CSharp_Exam14112021\4Task_CSharp_Exam14112021.csproj", "{854D64B4-559E-4411-B5C8-A1A76D4824F4}"
EndProject
Project("{FAE04EC0-301F-11D3-BF4B-00C04F79EFBC}") = "5Task_CSharp_Exam14112021", "5Task_CSharp_Exam14112021\5Task_CSharp_Exam14112021.csproj", "{447C58F9-80A3-4278-8E73-87F27DA9C4C7}"
EndProject
Project("{FAE04EC0-301F-11D3-BF4B-00C04F79EFBC}") = "6Task_CSharp_Exam14112021", "6Task_CSharp_Exam14112021\6Task_CSharp_Exam14112021.csproj", "{84E3DF4B-7713-47F8-8F8E-5379F9FBB40B}"
EndProject
Global
	GlobalSection(SolutionConfigurationPlatforms) = preSolution
		Debug|Any CPU = Debug|Any CPU
		Release|Any CPU = Release|Any CPU
	EndGlobalSection
	GlobalSection(ProjectConfigurationPlatforms) = postSolution
		{5F24EE38-DCD3-463D-A3CF-253C067DD506}.Debug|Any CPU.ActiveCfg = Debug|Any CPU
		{5F24EE38-DCD3-463D-A3CF-253C067DD506}.Debug|Any CPU.Build.0 = Debug|Any CPU
		{5F24EE38-DCD3-463D-A3CF-253C067DD506}.Release|Any CPU.ActiveCfg = Release|Any CPU
		{5F24EE38-DCD3-463D-A3CF-253C067DD506}.Release|Any CPU.Build.0 = Release|Any CPU
		{B9CA70D6-6C71-476C-A14A-0A6A6E2762AB}.Debug|Any CPU.ActiveCfg = Debug|Any CPU
		{B9CA70D6-6C71-476C-A14A-0A6A6E2762AB}.Debug|Any CPU.Build.0 = Debug|Any CPU
		{B9CA70D6-6C71-476C-A14A-0A6A6E2762AB}.Release|Any CPU.ActiveCfg = Release|Any CPU
		{B9CA70D6-6C71-476C-A14A-0A6A6E2762AB}.Release|Any CPU.Build.0 = Release|Any CPU
		{57B024B7-2794-4B88-9F20-B90C392A3A53}.Debug|Any CPU.ActiveCfg = Debug|Any CPU
		{57B024B7-2794-4B88-9F20-B90C392A3A53}.Debug|Any CPU.Build.0 = Debug|Any CPU
		{57B024B7-2794-4B88-9F20-B90C392A3A53}.Release|Any CPU.ActiveCfg = Release|Any CPU
		{57B024B7-2794-4B88-9F20-B90C392A3A53}.Release|Any CPU.Build.0 = Release|Any CPU
		{854D64B4-559E-4411-B5C8-A1A76D4824F4}.Debug|Any CPU.ActiveCfg = Debug|Any CPU
		{854D64B4-559E-4411-B5C8-A1A76D4824F4}.Debug|Any CPU.Build.0 = Debug|Any CPU
		{854D64B4-559E-4411-B5C8-A1A76D4824F4}.Release|Any CPU.ActiveCfg = Release|Any CPU
		{854D64B4-559E-4411-B5C8-A1A76D4824F4}.Release|Any CPU.Build.0 = Release|Any CPU
		{447C58F9-80A3-4278-8E73-87F27DA9C4C7}.Debug|Any CPU.ActiveCfg = Debug|Any CPU
		{447C58F9-80A3-4278-8E73-87F27DA9C4C7}.Debug|Any CPU.Build.0 = Debug|Any CPU
		{447C58F9-80A3-4278-8E73-87F27DA9C4C7}.Release|Any CPU.ActiveCfg = Release|Any CPU
		{447C58F9-80A3-4278-8E73-87F27DA9C4C7}.Release|Any CPU.Build.0 = Release|Any CPU
		{84E3DF4B-7713-47F8-8F8E-5379F9FBB40B}.Debug|Any CPU.ActiveCfg = Debug|Any CPU
		{84E3DF4B-7713-47F8-8F8E-5379F9FBB40B}.Debug|Any CPU.Build.0 = Debug|Any CPU
		{84E3DF4B-7713-47F8-8F8E-5379F9FBB40B}.Release|Any CPU.ActiveCfg = Release|Any CPU
		{84E3DF4B-7713-47F8-8F8E-5379F9FBB40B}.Release|Any CPU.Build.0 = Release|Any CPU
	EndGlobalSection
	GlobalSection(SolutionProperties) = preSolution
		HideSolutionNode = FALSE
	EndGlobalSection
	GlobalSection(ExtensibilityGlobals) = postSolution
		SolutionGuid = {E87231E9-A8D8-4C85-8365-33439B0BCCF9}
	EndGlobalSection
EndGlobal
