
Microsoft Visual Studio Solution File, Format Version 12.00
# Visual Studio Version 17
VisualStudioVersion = 17.2.32519.379
MinimumVisualStudioVersion = 10.0.40219.1
Project("{FAE04EC0-301F-11D3-BF4B-00C04F79EFBC}") = "CarManufacturer", "CarManufacturer\CarManufacturer.csproj", "{F238D3FD-9192-4B2E-9A6C-E0B7C3CF915A}"
EndProject
Global
	GlobalSection(SolutionConfigurationPlatforms) = preSolution
		Debug|Any CPU = Debug|Any CPU
		Release|Any CPU = Release|Any CPU
	EndGlobalSection
	GlobalSection(ProjectConfigurationPlatforms) = postSolution
		{F238D3FD-9192-4B2E-9A6C-E0B7C3CF915A}.Debug|Any CPU.ActiveCfg = Debug|Any CPU
		{F238D3FD-9192-4B2E-9A6C-E0B7C3CF915A}.Debug|Any CPU.Build.0 = Debug|Any CPU
		{F238D3FD-9192-4B2E-9A6C-E0B7C3CF915A}.Release|Any CPU.ActiveCfg = Release|Any CPU
		{F238D3FD-9192-4B2E-9A6C-E0B7C3CF915A}.Release|Any CPU.Build.0 = Release|Any CPU
	EndGlobalSection
	GlobalSection(SolutionProperties) = preSolution
		HideSolutionNode = FALSE
	EndGlobalSection
	GlobalSection(ExtensibilityGlobals) = postSolution
		SolutionGuid = {B35488E4-47A3-4428-9D83-4F0A64A25A1C}
	EndGlobalSection
EndGlobal
