
Microsoft Visual Studio Solution File, Format Version 12.00
# Visual Studio Version 17
VisualStudioVersion = 17.2.32505.173
MinimumVisualStudioVersion = 10.0.40219.1
Project("{9A19103F-16F7-4668-BE54-9A1E7A4F7556}") = "01.SortEvenNumbers", "01.SortEvenNumbers\01.SortEvenNumbers.csproj", "{3BEACE75-AFBE-4649-8276-DEAE38A65F6F}"
EndProject
Project("{9A19103F-16F7-4668-BE54-9A1E7A4F7556}") = "02.SumNumbers", "02.SumNumbers\02.SumNumbers.csproj", "{D3BD1F80-F3C6-43B7-8FCE-3852243EB44B}"
EndProject
Project("{9A19103F-16F7-4668-BE54-9A1E7A4F7556}") = "03.CountUppercaseWords", "03.CountUppercaseWords\03.CountUppercaseWords.csproj", "{DC07AA71-C85E-4766-88CC-3E16C9D667EE}"
EndProject
Project("{9A19103F-16F7-4668-BE54-9A1E7A4F7556}") = "04.AddVAT", "04.AddVAT\04.AddVAT.csproj", "{DFBAA035-7EAA-4BE2-BE82-988AD963C289}"
EndProject
Project("{9A19103F-16F7-4668-BE54-9A1E7A4F7556}") = "05.FilterByAge", "05.FilterByAge\05.FilterByAge.csproj", "{F769705D-FFCA-4039-973E-928A4E10E595}"
EndProject
Project("{FAE04EC0-301F-11D3-BF4B-00C04F79EFBC}") = "DelegateWhatIs", "DelegateWhatIs\DelegateWhatIs.csproj", "{8E3BA96C-3D8A-4804-B44E-04A99C7D501B}"
EndProject
Project("{FAE04EC0-301F-11D3-BF4B-00C04F79EFBC}") = "GenericDelegateMultiParametersExample", "GenericDelegateMultiParametersExample\GenericDelegateMultiParametersExample.csproj", "{0C014AA9-45E8-4600-8A1C-E7983D50D1F5}"
EndProject
Project("{FAE04EC0-301F-11D3-BF4B-00C04F79EFBC}") = "ActionWhatIs", "ActionWhatIs\ActionWhatIs.csproj", "{87E5F03E-A0D6-498B-82AE-7469091D6C2C}"
EndProject
Global
	GlobalSection(SolutionConfigurationPlatforms) = preSolution
		Debug|Any CPU = Debug|Any CPU
		Release|Any CPU = Release|Any CPU
	EndGlobalSection
	GlobalSection(ProjectConfigurationPlatforms) = postSolution
		{3BEACE75-AFBE-4649-8276-DEAE38A65F6F}.Debug|Any CPU.ActiveCfg = Debug|Any CPU
		{3BEACE75-AFBE-4649-8276-DEAE38A65F6F}.Debug|Any CPU.Build.0 = Debug|Any CPU
		{3BEACE75-AFBE-4649-8276-DEAE38A65F6F}.Release|Any CPU.ActiveCfg = Release|Any CPU
		{3BEACE75-AFBE-4649-8276-DEAE38A65F6F}.Release|Any CPU.Build.0 = Release|Any CPU
		{D3BD1F80-F3C6-43B7-8FCE-3852243EB44B}.Debug|Any CPU.ActiveCfg = Debug|Any CPU
		{D3BD1F80-F3C6-43B7-8FCE-3852243EB44B}.Debug|Any CPU.Build.0 = Debug|Any CPU
		{D3BD1F80-F3C6-43B7-8FCE-3852243EB44B}.Release|Any CPU.ActiveCfg = Release|Any CPU
		{D3BD1F80-F3C6-43B7-8FCE-3852243EB44B}.Release|Any CPU.Build.0 = Release|Any CPU
		{DC07AA71-C85E-4766-88CC-3E16C9D667EE}.Debug|Any CPU.ActiveCfg = Debug|Any CPU
		{DC07AA71-C85E-4766-88CC-3E16C9D667EE}.Debug|Any CPU.Build.0 = Debug|Any CPU
		{DC07AA71-C85E-4766-88CC-3E16C9D667EE}.Release|Any CPU.ActiveCfg = Release|Any CPU
		{DC07AA71-C85E-4766-88CC-3E16C9D667EE}.Release|Any CPU.Build.0 = Release|Any CPU
		{DFBAA035-7EAA-4BE2-BE82-988AD963C289}.Debug|Any CPU.ActiveCfg = Debug|Any CPU
		{DFBAA035-7EAA-4BE2-BE82-988AD963C289}.Debug|Any CPU.Build.0 = Debug|Any CPU
		{DFBAA035-7EAA-4BE2-BE82-988AD963C289}.Release|Any CPU.ActiveCfg = Release|Any CPU
		{DFBAA035-7EAA-4BE2-BE82-988AD963C289}.Release|Any CPU.Build.0 = Release|Any CPU
		{F769705D-FFCA-4039-973E-928A4E10E595}.Debug|Any CPU.ActiveCfg = Debug|Any CPU
		{F769705D-FFCA-4039-973E-928A4E10E595}.Debug|Any CPU.Build.0 = Debug|Any CPU
		{F769705D-FFCA-4039-973E-928A4E10E595}.Release|Any CPU.ActiveCfg = Release|Any CPU
		{F769705D-FFCA-4039-973E-928A4E10E595}.Release|Any CPU.Build.0 = Release|Any CPU
		{8E3BA96C-3D8A-4804-B44E-04A99C7D501B}.Debug|Any CPU.ActiveCfg = Debug|Any CPU
		{8E3BA96C-3D8A-4804-B44E-04A99C7D501B}.Debug|Any CPU.Build.0 = Debug|Any CPU
		{8E3BA96C-3D8A-4804-B44E-04A99C7D501B}.Release|Any CPU.ActiveCfg = Release|Any CPU
		{8E3BA96C-3D8A-4804-B44E-04A99C7D501B}.Release|Any CPU.Build.0 = Release|Any CPU
		{0C014AA9-45E8-4600-8A1C-E7983D50D1F5}.Debug|Any CPU.ActiveCfg = Debug|Any CPU
		{0C014AA9-45E8-4600-8A1C-E7983D50D1F5}.Debug|Any CPU.Build.0 = Debug|Any CPU
		{0C014AA9-45E8-4600-8A1C-E7983D50D1F5}.Release|Any CPU.ActiveCfg = Release|Any CPU
		{0C014AA9-45E8-4600-8A1C-E7983D50D1F5}.Release|Any CPU.Build.0 = Release|Any CPU
		{87E5F03E-A0D6-498B-82AE-7469091D6C2C}.Debug|Any CPU.ActiveCfg = Debug|Any CPU
		{87E5F03E-A0D6-498B-82AE-7469091D6C2C}.Debug|Any CPU.Build.0 = Debug|Any CPU
		{87E5F03E-A0D6-498B-82AE-7469091D6C2C}.Release|Any CPU.ActiveCfg = Release|Any CPU
		{87E5F03E-A0D6-498B-82AE-7469091D6C2C}.Release|Any CPU.Build.0 = Release|Any CPU
	EndGlobalSection
	GlobalSection(SolutionProperties) = preSolution
		HideSolutionNode = FALSE
	EndGlobalSection
	GlobalSection(ExtensibilityGlobals) = postSolution
		SolutionGuid = {36B8A792-33D6-48DC-B192-BDF3CA75C25F}
	EndGlobalSection
EndGlobal
