
Microsoft Visual Studio Solution File, Format Version 12.00
# Visual Studio Version 16
VisualStudioVersion = 16.0.31729.503
MinimumVisualStudioVersion = 10.0.40219.1
Project("{9A19103F-16F7-4668-BE54-9A1E7A4F7556}") = "OldBooks", "OldBooks\OldBooks.csproj", "{2EC9CA04-B62B-4F9A-BAB5-6153EA401BE9}"
EndProject
Project("{9A19103F-16F7-4668-BE54-9A1E7A4F7556}") = "Vacation", "Vacation\Vacation.csproj", "{66BFEFB0-E786-4EA6-869F-F9D7749B2B7E}"
EndProject
Project("{9A19103F-16F7-4668-BE54-9A1E7A4F7556}") = "Cake", "Cake\Cake.csproj", "{23BD8122-BDD2-4B49-903B-72DC2EF883BF}"
EndProject
Project("{9A19103F-16F7-4668-BE54-9A1E7A4F7556}") = "Moving", "Moving\Moving.csproj", "{5FBE15F8-475E-476B-BA6F-3337691B9A18}"
EndProject
Project("{9A19103F-16F7-4668-BE54-9A1E7A4F7556}") = "Coins", "Coins\Coins.csproj", "{E5DF7F7D-39A2-4523-BC4B-3A01230B53F0}"
EndProject
Project("{9A19103F-16F7-4668-BE54-9A1E7A4F7556}") = "Coins2", "Coins2\Coins2.csproj", "{894BF2F2-0B25-4122-9F94-BE79E6AE69D9}"
EndProject
Project("{9A19103F-16F7-4668-BE54-9A1E7A4F7556}") = "Coins3", "Coins3\Coins3.csproj", "{B81C8A96-F7F0-4113-9F2A-A39305331B7D}"
EndProject
Project("{9A19103F-16F7-4668-BE54-9A1E7A4F7556}") = "ExamPreparation", "ExamPreparation\ExamPreparation.csproj", "{26A19301-98D2-41CF-A3E9-F1072F8F0B59}"
EndProject
Project("{FAE04EC0-301F-11D3-BF4B-00C04F79EFBC}") = "Walking", "Walking\Walking.csproj", "{A51A0711-9381-4802-828B-883888B961B5}"
EndProject
Global
	GlobalSection(SolutionConfigurationPlatforms) = preSolution
		Debug|Any CPU = Debug|Any CPU
		Release|Any CPU = Release|Any CPU
	EndGlobalSection
	GlobalSection(ProjectConfigurationPlatforms) = postSolution
		{2EC9CA04-B62B-4F9A-BAB5-6153EA401BE9}.Debug|Any CPU.ActiveCfg = Debug|Any CPU
		{2EC9CA04-B62B-4F9A-BAB5-6153EA401BE9}.Debug|Any CPU.Build.0 = Debug|Any CPU
		{2EC9CA04-B62B-4F9A-BAB5-6153EA401BE9}.Release|Any CPU.ActiveCfg = Release|Any CPU
		{2EC9CA04-B62B-4F9A-BAB5-6153EA401BE9}.Release|Any CPU.Build.0 = Release|Any CPU
		{66BFEFB0-E786-4EA6-869F-F9D7749B2B7E}.Debug|Any CPU.ActiveCfg = Debug|Any CPU
		{66BFEFB0-E786-4EA6-869F-F9D7749B2B7E}.Debug|Any CPU.Build.0 = Debug|Any CPU
		{66BFEFB0-E786-4EA6-869F-F9D7749B2B7E}.Release|Any CPU.ActiveCfg = Release|Any CPU
		{66BFEFB0-E786-4EA6-869F-F9D7749B2B7E}.Release|Any CPU.Build.0 = Release|Any CPU
		{23BD8122-BDD2-4B49-903B-72DC2EF883BF}.Debug|Any CPU.ActiveCfg = Debug|Any CPU
		{23BD8122-BDD2-4B49-903B-72DC2EF883BF}.Debug|Any CPU.Build.0 = Debug|Any CPU
		{23BD8122-BDD2-4B49-903B-72DC2EF883BF}.Release|Any CPU.ActiveCfg = Release|Any CPU
		{23BD8122-BDD2-4B49-903B-72DC2EF883BF}.Release|Any CPU.Build.0 = Release|Any CPU
		{5FBE15F8-475E-476B-BA6F-3337691B9A18}.Debug|Any CPU.ActiveCfg = Debug|Any CPU
		{5FBE15F8-475E-476B-BA6F-3337691B9A18}.Debug|Any CPU.Build.0 = Debug|Any CPU
		{5FBE15F8-475E-476B-BA6F-3337691B9A18}.Release|Any CPU.ActiveCfg = Release|Any CPU
		{5FBE15F8-475E-476B-BA6F-3337691B9A18}.Release|Any CPU.Build.0 = Release|Any CPU
		{E5DF7F7D-39A2-4523-BC4B-3A01230B53F0}.Debug|Any CPU.ActiveCfg = Debug|Any CPU
		{E5DF7F7D-39A2-4523-BC4B-3A01230B53F0}.Debug|Any CPU.Build.0 = Debug|Any CPU
		{E5DF7F7D-39A2-4523-BC4B-3A01230B53F0}.Release|Any CPU.ActiveCfg = Release|Any CPU
		{E5DF7F7D-39A2-4523-BC4B-3A01230B53F0}.Release|Any CPU.Build.0 = Release|Any CPU
		{894BF2F2-0B25-4122-9F94-BE79E6AE69D9}.Debug|Any CPU.ActiveCfg = Debug|Any CPU
		{894BF2F2-0B25-4122-9F94-BE79E6AE69D9}.Debug|Any CPU.Build.0 = Debug|Any CPU
		{894BF2F2-0B25-4122-9F94-BE79E6AE69D9}.Release|Any CPU.ActiveCfg = Release|Any CPU
		{894BF2F2-0B25-4122-9F94-BE79E6AE69D9}.Release|Any CPU.Build.0 = Release|Any CPU
		{B81C8A96-F7F0-4113-9F2A-A39305331B7D}.Debug|Any CPU.ActiveCfg = Debug|Any CPU
		{B81C8A96-F7F0-4113-9F2A-A39305331B7D}.Debug|Any CPU.Build.0 = Debug|Any CPU
		{B81C8A96-F7F0-4113-9F2A-A39305331B7D}.Release|Any CPU.ActiveCfg = Release|Any CPU
		{B81C8A96-F7F0-4113-9F2A-A39305331B7D}.Release|Any CPU.Build.0 = Release|Any CPU
		{26A19301-98D2-41CF-A3E9-F1072F8F0B59}.Debug|Any CPU.ActiveCfg = Debug|Any CPU
		{26A19301-98D2-41CF-A3E9-F1072F8F0B59}.Debug|Any CPU.Build.0 = Debug|Any CPU
		{26A19301-98D2-41CF-A3E9-F1072F8F0B59}.Release|Any CPU.ActiveCfg = Release|Any CPU
		{26A19301-98D2-41CF-A3E9-F1072F8F0B59}.Release|Any CPU.Build.0 = Release|Any CPU
		{A51A0711-9381-4802-828B-883888B961B5}.Debug|Any CPU.ActiveCfg = Debug|Any CPU
		{A51A0711-9381-4802-828B-883888B961B5}.Debug|Any CPU.Build.0 = Debug|Any CPU
		{A51A0711-9381-4802-828B-883888B961B5}.Release|Any CPU.ActiveCfg = Release|Any CPU
		{A51A0711-9381-4802-828B-883888B961B5}.Release|Any CPU.Build.0 = Release|Any CPU
	EndGlobalSection
	GlobalSection(SolutionProperties) = preSolution
		HideSolutionNode = FALSE
	EndGlobalSection
	GlobalSection(ExtensibilityGlobals) = postSolution
		SolutionGuid = {0B73A0A6-3976-417B-B664-849495864A0D}
	EndGlobalSection
EndGlobal
