
Microsoft Visual Studio Solution File, Format Version 12.00
# Visual Studio Version 17
VisualStudioVersion = 17.2.32519.379
MinimumVisualStudioVersion = 10.0.40219.1
Project("{9A19103F-16F7-4668-BE54-9A1E7A4F7556}") = "SoftUniParking", "SoftUniParking.csproj", "{D2C33B92-6093-4201-8CBA-792FE46EFB3C}"
EndProject
Global
	GlobalSection(SolutionConfigurationPlatforms) = preSolution
		Debug|Any CPU = Debug|Any CPU
		Release|Any CPU = Release|Any CPU
	EndGlobalSection
	GlobalSection(ProjectConfigurationPlatforms) = postSolution
		{D2C33B92-6093-4201-8CBA-792FE46EFB3C}.Debug|Any CPU.ActiveCfg = Debug|Any CPU
		{D2C33B92-6093-4201-8CBA-792FE46EFB3C}.Debug|Any CPU.Build.0 = Debug|Any CPU
		{D2C33B92-6093-4201-8CBA-792FE46EFB3C}.Release|Any CPU.ActiveCfg = Release|Any CPU
		{D2C33B92-6093-4201-8CBA-792FE46EFB3C}.Release|Any CPU.Build.0 = Release|Any CPU
	EndGlobalSection
	GlobalSection(SolutionProperties) = preSolution
		HideSolutionNode = FALSE
	EndGlobalSection
	GlobalSection(ExtensibilityGlobals) = postSolution
		SolutionGuid = {F3CA050C-2F7B-4748-9907-ED81ECF1A9CE}
	EndGlobalSection
EndGlobal
