
Microsoft Visual Studio Solution File, Format Version 12.00
# Visual Studio Version 17
VisualStudioVersion = 17.0.32014.148
MinimumVisualStudioVersion = 10.0.40219.1
Project("{FAE04EC0-301F-11D3-BF4B-00C04F79EFBC}") = "SystemTextEncodingUTF8", "SystemTextEncodingUTF8\SystemTextEncodingUTF8.csproj", "{0215660C-E6A0-4473-8DD2-4E50E8F895A0}"
EndProject
Global
	GlobalSection(SolutionConfigurationPlatforms) = preSolution
		Debug|Any CPU = Debug|Any CPU
		Release|Any CPU = Release|Any CPU
	EndGlobalSection
	GlobalSection(ProjectConfigurationPlatforms) = postSolution
		{0215660C-E6A0-4473-8DD2-4E50E8F895A0}.Debug|Any CPU.ActiveCfg = Debug|Any CPU
		{0215660C-E6A0-4473-8DD2-4E50E8F895A0}.Debug|Any CPU.Build.0 = Debug|Any CPU
		{0215660C-E6A0-4473-8DD2-4E50E8F895A0}.Release|Any CPU.ActiveCfg = Release|Any CPU
		{0215660C-E6A0-4473-8DD2-4E50E8F895A0}.Release|Any CPU.Build.0 = Release|Any CPU
	EndGlobalSection
	GlobalSection(SolutionProperties) = preSolution
		HideSolutionNode = FALSE
	EndGlobalSection
	GlobalSection(ExtensibilityGlobals) = postSolution
		SolutionGuid = {7472071B-16EC-48EA-99B5-BCFD65622B88}
	EndGlobalSection
EndGlobal
