
Microsoft Visual Studio Solution File, Format Version 12.00
# Visual Studio Version 17
VisualStudioVersion = 17.2.32519.379
MinimumVisualStudioVersion = 10.0.40219.1
Project("{9A19103F-16F7-4668-BE54-9A1E7A4F7556}") = "01.MealPlan", "01.MealPlan\01.MealPlan.csproj", "{FB4BD265-65D9-4BCC-AAC1-0D4E35C317C3}"
EndProject
Project("{9A19103F-16F7-4668-BE54-9A1E7A4F7556}") = "ZHelp-nameof", "ZHelp-nameof\ZHelp-nameof.csproj", "{FA0B79C6-3A0C-42BC-9A1C-5F14A23B0B96}"
EndProject
Project("{9A19103F-16F7-4668-BE54-9A1E7A4F7556}") = "02.TruffleHunter", "02.TruffleHunter\02.TruffleHunter.csproj", "{EF35BC53-FC0C-4F79-9AE1-F41D87DD862C}"
EndProject
Project("{9A19103F-16F7-4668-BE54-9A1E7A4F7556}") = "01.BakeryShop", "01.BakeryShop\01.BakeryShop.csproj", "{47CADAE1-8529-4D5E-A8F7-60EDA9981C56}"
EndProject
Project("{9A19103F-16F7-4668-BE54-9A1E7A4F7556}") = "02. Beaver at Work", "02. Beaver at Work\02. Beaver at Work.csproj", "{52305217-0738-43AA-BF27-CFD0474A5E73}"
EndProject
Project("{9A19103F-16F7-4668-BE54-9A1E7A4F7556}") = "01.Blacksmith", "01.Blacksmith\01.Blacksmith.csproj", "{40251D0F-F69F-4E0D-A64C-7713F54D8DD3}"
EndProject
Project("{9A19103F-16F7-4668-BE54-9A1E7A4F7556}") = "01. Food Finder", "01. Food Finder\01. Food Finder.csproj", "{73410524-D58A-4D88-9ED1-23B55D9B25FF}"
EndProject
Project("{9A19103F-16F7-4668-BE54-9A1E7A4F7556}") = "02. Pawn Wars", "02. Pawn Wars\02. Pawn Wars.csproj", "{C5F4B05E-C981-457D-B4AE-23A17A36D7D4}"
EndProject
Project("{9A19103F-16F7-4668-BE54-9A1E7A4F7556}") = "01. Birthday Celebration", "01. Birthday Celebration\01. Birthday Celebration.csproj", "{00EFACDE-F8D1-45E4-A480-FF21953B5627}"
EndProject
Project("{9A19103F-16F7-4668-BE54-9A1E7A4F7556}") = "02. The Battle of The Five Armies", "02. The Battle of The Five Armies\02. The Battle of The Five Armies.csproj", "{7363173E-ED26-4D4D-95E6-02438C1C82CB}"
EndProject
Project("{9A19103F-16F7-4668-BE54-9A1E7A4F7556}") = "01.Masterchef", "01.Masterchef\01.Masterchef.csproj", "{34049F6C-128B-4236-8753-F07101026A14}"
EndProject
Project("{9A19103F-16F7-4668-BE54-9A1E7A4F7556}") = "02.Survivor", "02.Survivor\02.Survivor.csproj", "{6CD97CBE-A426-43BF-B872-03B9F085F277}"
EndProject
Project("{9A19103F-16F7-4668-BE54-9A1E7A4F7556}") = "01. Lootbox", "01. Lootbox\01. Lootbox.csproj", "{1CC80C07-B008-4CB3-AA79-2A7F86B45233}"
EndProject
Project("{9A19103F-16F7-4668-BE54-9A1E7A4F7556}") = "ZHelp-Any", "ZHelp-Any\ZHelp-Any.csproj", "{7303EC41-9C3A-4EA8-9188-FE26FC3BA2A1}"
EndProject
Project("{9A19103F-16F7-4668-BE54-9A1E7A4F7556}") = "02. Re-Volt", "02. Re-Volt\02. Re-Volt.csproj", "{A99EC52B-DC87-4226-98A6-76AF94FF2988}"
EndProject
Project("{9A19103F-16F7-4668-BE54-9A1E7A4F7556}") = "01.Warm Winter", "01.Warm Winter\01.Warm Winter.csproj", "{CA516EF4-2A9F-4D99-B309-5920DE7FBDD1}"
EndProject
Project("{9A19103F-16F7-4668-BE54-9A1E7A4F7556}") = "02.Super Mario", "02.Super Mario\02.Super Mario.csproj", "{698CCAD1-ACD4-4ECF-845A-51C4BC25AF1E}"
EndProject
Project("{9A19103F-16F7-4668-BE54-9A1E7A4F7556}") = "01. The Fight for Gondor", "01. The Fight for Gondor\01. The Fight for Gondor.csproj", "{D000B3EB-EC28-4913-BBF7-581650A93A64}"
EndProject
Project("{9A19103F-16F7-4668-BE54-9A1E7A4F7556}") = "02. Warships", "02. Warships\02. Warships.csproj", "{522B35BB-D1A2-42AC-83A1-3B91286494AC}"
EndProject
Project("{FAE04EC0-301F-11D3-BF4B-00C04F79EFBC}") = "01. Tiles Master", "01. Tiles Master\01. Tiles Master.csproj", "{76FF8627-5001-4008-9448-3AF883E24D3F}"
EndProject
Project("{FAE04EC0-301F-11D3-BF4B-00C04F79EFBC}") = "02. Wall Destroyer", "02. Wall Destroyer\02. Wall Destroyer.csproj", "{0A0E4905-DC77-4BB8-A76C-89BD1BA3239D}"
EndProject
Global
	GlobalSection(SolutionConfigurationPlatforms) = preSolution
		Debug|Any CPU = Debug|Any CPU
		Release|Any CPU = Release|Any CPU
	EndGlobalSection
	GlobalSection(ProjectConfigurationPlatforms) = postSolution
		{FB4BD265-65D9-4BCC-AAC1-0D4E35C317C3}.Debug|Any CPU.ActiveCfg = Debug|Any CPU
		{FB4BD265-65D9-4BCC-AAC1-0D4E35C317C3}.Debug|Any CPU.Build.0 = Debug|Any CPU
		{FB4BD265-65D9-4BCC-AAC1-0D4E35C317C3}.Release|Any CPU.ActiveCfg = Release|Any CPU
		{FB4BD265-65D9-4BCC-AAC1-0D4E35C317C3}.Release|Any CPU.Build.0 = Release|Any CPU
		{FA0B79C6-3A0C-42BC-9A1C-5F14A23B0B96}.Debug|Any CPU.ActiveCfg = Debug|Any CPU
		{FA0B79C6-3A0C-42BC-9A1C-5F14A23B0B96}.Debug|Any CPU.Build.0 = Debug|Any CPU
		{FA0B79C6-3A0C-42BC-9A1C-5F14A23B0B96}.Release|Any CPU.ActiveCfg = Release|Any CPU
		{FA0B79C6-3A0C-42BC-9A1C-5F14A23B0B96}.Release|Any CPU.Build.0 = Release|Any CPU
		{EF35BC53-FC0C-4F79-9AE1-F41D87DD862C}.Debug|Any CPU.ActiveCfg = Debug|Any CPU
		{EF35BC53-FC0C-4F79-9AE1-F41D87DD862C}.Debug|Any CPU.Build.0 = Debug|Any CPU
		{EF35BC53-FC0C-4F79-9AE1-F41D87DD862C}.Release|Any CPU.ActiveCfg = Release|Any CPU
		{EF35BC53-FC0C-4F79-9AE1-F41D87DD862C}.Release|Any CPU.Build.0 = Release|Any CPU
		{47CADAE1-8529-4D5E-A8F7-60EDA9981C56}.Debug|Any CPU.ActiveCfg = Debug|Any CPU
		{47CADAE1-8529-4D5E-A8F7-60EDA9981C56}.Debug|Any CPU.Build.0 = Debug|Any CPU
		{47CADAE1-8529-4D5E-A8F7-60EDA9981C56}.Release|Any CPU.ActiveCfg = Release|Any CPU
		{47CADAE1-8529-4D5E-A8F7-60EDA9981C56}.Release|Any CPU.Build.0 = Release|Any CPU
		{52305217-0738-43AA-BF27-CFD0474A5E73}.Debug|Any CPU.ActiveCfg = Debug|Any CPU
		{52305217-0738-43AA-BF27-CFD0474A5E73}.Debug|Any CPU.Build.0 = Debug|Any CPU
		{52305217-0738-43AA-BF27-CFD0474A5E73}.Release|Any CPU.ActiveCfg = Release|Any CPU
		{52305217-0738-43AA-BF27-CFD0474A5E73}.Release|Any CPU.Build.0 = Release|Any CPU
		{40251D0F-F69F-4E0D-A64C-7713F54D8DD3}.Debug|Any CPU.ActiveCfg = Debug|Any CPU
		{40251D0F-F69F-4E0D-A64C-7713F54D8DD3}.Debug|Any CPU.Build.0 = Debug|Any CPU
		{40251D0F-F69F-4E0D-A64C-7713F54D8DD3}.Release|Any CPU.ActiveCfg = Release|Any CPU
		{40251D0F-F69F-4E0D-A64C-7713F54D8DD3}.Release|Any CPU.Build.0 = Release|Any CPU
		{73410524-D58A-4D88-9ED1-23B55D9B25FF}.Debug|Any CPU.ActiveCfg = Debug|Any CPU
		{73410524-D58A-4D88-9ED1-23B55D9B25FF}.Debug|Any CPU.Build.0 = Debug|Any CPU
		{73410524-D58A-4D88-9ED1-23B55D9B25FF}.Release|Any CPU.ActiveCfg = Release|Any CPU
		{73410524-D58A-4D88-9ED1-23B55D9B25FF}.Release|Any CPU.Build.0 = Release|Any CPU
		{C5F4B05E-C981-457D-B4AE-23A17A36D7D4}.Debug|Any CPU.ActiveCfg = Debug|Any CPU
		{C5F4B05E-C981-457D-B4AE-23A17A36D7D4}.Debug|Any CPU.Build.0 = Debug|Any CPU
		{C5F4B05E-C981-457D-B4AE-23A17A36D7D4}.Release|Any CPU.ActiveCfg = Release|Any CPU
		{C5F4B05E-C981-457D-B4AE-23A17A36D7D4}.Release|Any CPU.Build.0 = Release|Any CPU
		{00EFACDE-F8D1-45E4-A480-FF21953B5627}.Debug|Any CPU.ActiveCfg = Debug|Any CPU
		{00EFACDE-F8D1-45E4-A480-FF21953B5627}.Debug|Any CPU.Build.0 = Debug|Any CPU
		{00EFACDE-F8D1-45E4-A480-FF21953B5627}.Release|Any CPU.ActiveCfg = Release|Any CPU
		{00EFACDE-F8D1-45E4-A480-FF21953B5627}.Release|Any CPU.Build.0 = Release|Any CPU
		{7363173E-ED26-4D4D-95E6-02438C1C82CB}.Debug|Any CPU.ActiveCfg = Debug|Any CPU
		{7363173E-ED26-4D4D-95E6-02438C1C82CB}.Debug|Any CPU.Build.0 = Debug|Any CPU
		{7363173E-ED26-4D4D-95E6-02438C1C82CB}.Release|Any CPU.ActiveCfg = Release|Any CPU
		{7363173E-ED26-4D4D-95E6-02438C1C82CB}.Release|Any CPU.Build.0 = Release|Any CPU
		{34049F6C-128B-4236-8753-F07101026A14}.Debug|Any CPU.ActiveCfg = Debug|Any CPU
		{34049F6C-128B-4236-8753-F07101026A14}.Debug|Any CPU.Build.0 = Debug|Any CPU
		{34049F6C-128B-4236-8753-F07101026A14}.Release|Any CPU.ActiveCfg = Release|Any CPU
		{34049F6C-128B-4236-8753-F07101026A14}.Release|Any CPU.Build.0 = Release|Any CPU
		{6CD97CBE-A426-43BF-B872-03B9F085F277}.Debug|Any CPU.ActiveCfg = Debug|Any CPU
		{6CD97CBE-A426-43BF-B872-03B9F085F277}.Debug|Any CPU.Build.0 = Debug|Any CPU
		{6CD97CBE-A426-43BF-B872-03B9F085F277}.Release|Any CPU.ActiveCfg = Release|Any CPU
		{6CD97CBE-A426-43BF-B872-03B9F085F277}.Release|Any CPU.Build.0 = Release|Any CPU
		{1CC80C07-B008-4CB3-AA79-2A7F86B45233}.Debug|Any CPU.ActiveCfg = Debug|Any CPU
		{1CC80C07-B008-4CB3-AA79-2A7F86B45233}.Debug|Any CPU.Build.0 = Debug|Any CPU
		{1CC80C07-B008-4CB3-AA79-2A7F86B45233}.Release|Any CPU.ActiveCfg = Release|Any CPU
		{1CC80C07-B008-4CB3-AA79-2A7F86B45233}.Release|Any CPU.Build.0 = Release|Any CPU
		{7303EC41-9C3A-4EA8-9188-FE26FC3BA2A1}.Debug|Any CPU.ActiveCfg = Debug|Any CPU
		{7303EC41-9C3A-4EA8-9188-FE26FC3BA2A1}.Debug|Any CPU.Build.0 = Debug|Any CPU
		{7303EC41-9C3A-4EA8-9188-FE26FC3BA2A1}.Release|Any CPU.ActiveCfg = Release|Any CPU
		{7303EC41-9C3A-4EA8-9188-FE26FC3BA2A1}.Release|Any CPU.Build.0 = Release|Any CPU
		{A99EC52B-DC87-4226-98A6-76AF94FF2988}.Debug|Any CPU.ActiveCfg = Debug|Any CPU
		{A99EC52B-DC87-4226-98A6-76AF94FF2988}.Debug|Any CPU.Build.0 = Debug|Any CPU
		{A99EC52B-DC87-4226-98A6-76AF94FF2988}.Release|Any CPU.ActiveCfg = Release|Any CPU
		{A99EC52B-DC87-4226-98A6-76AF94FF2988}.Release|Any CPU.Build.0 = Release|Any CPU
		{CA516EF4-2A9F-4D99-B309-5920DE7FBDD1}.Debug|Any CPU.ActiveCfg = Debug|Any CPU
		{CA516EF4-2A9F-4D99-B309-5920DE7FBDD1}.Debug|Any CPU.Build.0 = Debug|Any CPU
		{CA516EF4-2A9F-4D99-B309-5920DE7FBDD1}.Release|Any CPU.ActiveCfg = Release|Any CPU
		{CA516EF4-2A9F-4D99-B309-5920DE7FBDD1}.Release|Any CPU.Build.0 = Release|Any CPU
		{698CCAD1-ACD4-4ECF-845A-51C4BC25AF1E}.Debug|Any CPU.ActiveCfg = Debug|Any CPU
		{698CCAD1-ACD4-4ECF-845A-51C4BC25AF1E}.Debug|Any CPU.Build.0 = Debug|Any CPU
		{698CCAD1-ACD4-4ECF-845A-51C4BC25AF1E}.Release|Any CPU.ActiveCfg = Release|Any CPU
		{698CCAD1-ACD4-4ECF-845A-51C4BC25AF1E}.Release|Any CPU.Build.0 = Release|Any CPU
		{D000B3EB-EC28-4913-BBF7-581650A93A64}.Debug|Any CPU.ActiveCfg = Debug|Any CPU
		{D000B3EB-EC28-4913-BBF7-581650A93A64}.Debug|Any CPU.Build.0 = Debug|Any CPU
		{D000B3EB-EC28-4913-BBF7-581650A93A64}.Release|Any CPU.ActiveCfg = Release|Any CPU
		{D000B3EB-EC28-4913-BBF7-581650A93A64}.Release|Any CPU.Build.0 = Release|Any CPU
		{522B35BB-D1A2-42AC-83A1-3B91286494AC}.Debug|Any CPU.ActiveCfg = Debug|Any CPU
		{522B35BB-D1A2-42AC-83A1-3B91286494AC}.Debug|Any CPU.Build.0 = Debug|Any CPU
		{522B35BB-D1A2-42AC-83A1-3B91286494AC}.Release|Any CPU.ActiveCfg = Release|Any CPU
		{522B35BB-D1A2-42AC-83A1-3B91286494AC}.Release|Any CPU.Build.0 = Release|Any CPU
		{76FF8627-5001-4008-9448-3AF883E24D3F}.Debug|Any CPU.ActiveCfg = Debug|Any CPU
		{76FF8627-5001-4008-9448-3AF883E24D3F}.Debug|Any CPU.Build.0 = Debug|Any CPU
		{76FF8627-5001-4008-9448-3AF883E24D3F}.Release|Any CPU.ActiveCfg = Release|Any CPU
		{76FF8627-5001-4008-9448-3AF883E24D3F}.Release|Any CPU.Build.0 = Release|Any CPU
		{0A0E4905-DC77-4BB8-A76C-89BD1BA3239D}.Debug|Any CPU.ActiveCfg = Debug|Any CPU
		{0A0E4905-DC77-4BB8-A76C-89BD1BA3239D}.Debug|Any CPU.Build.0 = Debug|Any CPU
		{0A0E4905-DC77-4BB8-A76C-89BD1BA3239D}.Release|Any CPU.ActiveCfg = Release|Any CPU
		{0A0E4905-DC77-4BB8-A76C-89BD1BA3239D}.Release|Any CPU.Build.0 = Release|Any CPU
	EndGlobalSection
	GlobalSection(SolutionProperties) = preSolution
		HideSolutionNode = FALSE
	EndGlobalSection
	GlobalSection(ExtensibilityGlobals) = postSolution
		SolutionGuid = {C2C47E4B-7880-4037-9E96-62949C092808}
	EndGlobalSection
EndGlobal
