
Microsoft Visual Studio Solution File, Format Version 12.00
# Visual Studio Version 17
VisualStudioVersion = 17.2.32616.157
MinimumVisualStudioVersion = 10.0.40219.1
Project("{FAE04EC0-301F-11D3-BF4B-00C04F79EFBC}") = "StockMarket", "StockMarket\StockMarket.csproj", "{450BD722-DFE4-440E-8F43-BF6E4CEFFB86}"
EndProject
Global
	GlobalSection(SolutionConfigurationPlatforms) = preSolution
		Debug|Any CPU = Debug|Any CPU
		Release|Any CPU = Release|Any CPU
	EndGlobalSection
	GlobalSection(ProjectConfigurationPlatforms) = postSolution
		{450BD722-DFE4-440E-8F43-BF6E4CEFFB86}.Debug|Any CPU.ActiveCfg = Debug|Any CPU
		{450BD722-DFE4-440E-8F43-BF6E4CEFFB86}.Debug|Any CPU.Build.0 = Debug|Any CPU
		{450BD722-DFE4-440E-8F43-BF6E4CEFFB86}.Release|Any CPU.ActiveCfg = Release|Any CPU
		{450BD722-DFE4-440E-8F43-BF6E4CEFFB86}.Release|Any CPU.Build.0 = Release|Any CPU
	EndGlobalSection
	GlobalSection(SolutionProperties) = preSolution
		HideSolutionNode = FALSE
	EndGlobalSection
	GlobalSection(ExtensibilityGlobals) = postSolution
		SolutionGuid = {560363D0-3D56-4C24-8445-C039522871A6}
	EndGlobalSection
EndGlobal
