
Microsoft Visual Studio Solution File, Format Version 12.00
# Visual Studio Version 17
VisualStudioVersion = 17.2.32505.173
MinimumVisualStudioVersion = 10.0.40219.1
Project("{FAE04EC0-301F-11D3-BF4B-00C04F79EFBC}") = "01. Basic Stack Operations", "01. Basic Stack Operations\01. Basic Stack Operations.csproj", "{FF1E679C-46B4-4E60-A31E-826BC87E63EB}"
EndProject
Project("{FAE04EC0-301F-11D3-BF4B-00C04F79EFBC}") = "02. Basic Queue Operations", "02. Basic Queue Operations\02. Basic Queue Operations.csproj", "{FAD37F37-589D-4F47-8869-3369EAC850AC}"
EndProject
Project("{FAE04EC0-301F-11D3-BF4B-00C04F79EFBC}") = "03. Maximum and Minimum Element", "03. Maximum and Minimum Element\03. Maximum and Minimum Element.csproj", "{CACC8032-0BE2-4793-A6B3-B03208497AEB}"
EndProject
Project("{FAE04EC0-301F-11D3-BF4B-00C04F79EFBC}") = "04. Fast Food", "04. Fast Food\04. Fast Food.csproj", "{56BC37C9-3EC0-4430-944F-0C8FAFAB5BB8}"
EndProject
Project("{FAE04EC0-301F-11D3-BF4B-00C04F79EFBC}") = "05. Fashion Boutique", "05. Fashion Boutique\05. Fashion Boutique.csproj", "{52450B1E-D1E7-4064-A1B1-7F588A9C1879}"
EndProject
Project("{FAE04EC0-301F-11D3-BF4B-00C04F79EFBC}") = "06. Songs Queue", "06. Songs Queue\06. Songs Queue.csproj", "{F5ED42F1-FF23-4716-88E3-870078E32778}"
EndProject
Project("{FAE04EC0-301F-11D3-BF4B-00C04F79EFBC}") = "07. Truck Tour", "07. Truck Tour\07. Truck Tour.csproj", "{E775CEFF-C91A-4346-B6E8-C7F920035121}"
EndProject
Project("{FAE04EC0-301F-11D3-BF4B-00C04F79EFBC}") = "08. Balanced Parenthesis", "08. Balanced Parenthesis\08. Balanced Parenthesis.csproj", "{1A1988CA-CEA1-4B74-B2CB-296302389BEB}"
EndProject
Project("{FAE04EC0-301F-11D3-BF4B-00C04F79EFBC}") = "09. Simple Text Editor", "09. Simple Text Editor\09. Simple Text Editor.csproj", "{E0F4D590-916D-4B0E-9B7C-5B3B7AE119AF}"
EndProject
Project("{FAE04EC0-301F-11D3-BF4B-00C04F79EFBC}") = "10. Crossroads", "10. Crossroads\10. Crossroads.csproj", "{1CB82CC8-56D1-4EF4-9DD4-859845DA1436}"
EndProject
Project("{FAE04EC0-301F-11D3-BF4B-00C04F79EFBC}") = "11. Key Revolver", "11. Key Revolver\11. Key Revolver.csproj", "{E17C8395-7BB8-469B-8FE2-3B006BE99152}"
EndProject
Project("{FAE04EC0-301F-11D3-BF4B-00C04F79EFBC}") = "12. Cups and Bottles", "12. Cups and Bottles\12. Cups and Bottles.csproj", "{E74D98DE-0337-4B15-9421-34EC208BB03F}"
EndProject
Global
	GlobalSection(SolutionConfigurationPlatforms) = preSolution
		Debug|Any CPU = Debug|Any CPU
		Release|Any CPU = Release|Any CPU
	EndGlobalSection
	GlobalSection(ProjectConfigurationPlatforms) = postSolution
		{FF1E679C-46B4-4E60-A31E-826BC87E63EB}.Debug|Any CPU.ActiveCfg = Debug|Any CPU
		{FF1E679C-46B4-4E60-A31E-826BC87E63EB}.Debug|Any CPU.Build.0 = Debug|Any CPU
		{FF1E679C-46B4-4E60-A31E-826BC87E63EB}.Release|Any CPU.ActiveCfg = Release|Any CPU
		{FF1E679C-46B4-4E60-A31E-826BC87E63EB}.Release|Any CPU.Build.0 = Release|Any CPU
		{FAD37F37-589D-4F47-8869-3369EAC850AC}.Debug|Any CPU.ActiveCfg = Debug|Any CPU
		{FAD37F37-589D-4F47-8869-3369EAC850AC}.Debug|Any CPU.Build.0 = Debug|Any CPU
		{FAD37F37-589D-4F47-8869-3369EAC850AC}.Release|Any CPU.ActiveCfg = Release|Any CPU
		{FAD37F37-589D-4F47-8869-3369EAC850AC}.Release|Any CPU.Build.0 = Release|Any CPU
		{CACC8032-0BE2-4793-A6B3-B03208497AEB}.Debug|Any CPU.ActiveCfg = Debug|Any CPU
		{CACC8032-0BE2-4793-A6B3-B03208497AEB}.Debug|Any CPU.Build.0 = Debug|Any CPU
		{CACC8032-0BE2-4793-A6B3-B03208497AEB}.Release|Any CPU.ActiveCfg = Release|Any CPU
		{CACC8032-0BE2-4793-A6B3-B03208497AEB}.Release|Any CPU.Build.0 = Release|Any CPU
		{56BC37C9-3EC0-4430-944F-0C8FAFAB5BB8}.Debug|Any CPU.ActiveCfg = Debug|Any CPU
		{56BC37C9-3EC0-4430-944F-0C8FAFAB5BB8}.Debug|Any CPU.Build.0 = Debug|Any CPU
		{56BC37C9-3EC0-4430-944F-0C8FAFAB5BB8}.Release|Any CPU.ActiveCfg = Release|Any CPU
		{56BC37C9-3EC0-4430-944F-0C8FAFAB5BB8}.Release|Any CPU.Build.0 = Release|Any CPU
		{52450B1E-D1E7-4064-A1B1-7F588A9C1879}.Debug|Any CPU.ActiveCfg = Debug|Any CPU
		{52450B1E-D1E7-4064-A1B1-7F588A9C1879}.Debug|Any CPU.Build.0 = Debug|Any CPU
		{52450B1E-D1E7-4064-A1B1-7F588A9C1879}.Release|Any CPU.ActiveCfg = Release|Any CPU
		{52450B1E-D1E7-4064-A1B1-7F588A9C1879}.Release|Any CPU.Build.0 = Release|Any CPU
		{F5ED42F1-FF23-4716-88E3-870078E32778}.Debug|Any CPU.ActiveCfg = Debug|Any CPU
		{F5ED42F1-FF23-4716-88E3-870078E32778}.Debug|Any CPU.Build.0 = Debug|Any CPU
		{F5ED42F1-FF23-4716-88E3-870078E32778}.Release|Any CPU.ActiveCfg = Release|Any CPU
		{F5ED42F1-FF23-4716-88E3-870078E32778}.Release|Any CPU.Build.0 = Release|Any CPU
		{E775CEFF-C91A-4346-B6E8-C7F920035121}.Debug|Any CPU.ActiveCfg = Debug|Any CPU
		{E775CEFF-C91A-4346-B6E8-C7F920035121}.Debug|Any CPU.Build.0 = Debug|Any CPU
		{E775CEFF-C91A-4346-B6E8-C7F920035121}.Release|Any CPU.ActiveCfg = Release|Any CPU
		{E775CEFF-C91A-4346-B6E8-C7F920035121}.Release|Any CPU.Build.0 = Release|Any CPU
		{1A1988CA-CEA1-4B74-B2CB-296302389BEB}.Debug|Any CPU.ActiveCfg = Debug|Any CPU
		{1A1988CA-CEA1-4B74-B2CB-296302389BEB}.Debug|Any CPU.Build.0 = Debug|Any CPU
		{1A1988CA-CEA1-4B74-B2CB-296302389BEB}.Release|Any CPU.ActiveCfg = Release|Any CPU
		{1A1988CA-CEA1-4B74-B2CB-296302389BEB}.Release|Any CPU.Build.0 = Release|Any CPU
		{E0F4D590-916D-4B0E-9B7C-5B3B7AE119AF}.Debug|Any CPU.ActiveCfg = Debug|Any CPU
		{E0F4D590-916D-4B0E-9B7C-5B3B7AE119AF}.Debug|Any CPU.Build.0 = Debug|Any CPU
		{E0F4D590-916D-4B0E-9B7C-5B3B7AE119AF}.Release|Any CPU.ActiveCfg = Release|Any CPU
		{E0F4D590-916D-4B0E-9B7C-5B3B7AE119AF}.Release|Any CPU.Build.0 = Release|Any CPU
		{1CB82CC8-56D1-4EF4-9DD4-859845DA1436}.Debug|Any CPU.ActiveCfg = Debug|Any CPU
		{1CB82CC8-56D1-4EF4-9DD4-859845DA1436}.Debug|Any CPU.Build.0 = Debug|Any CPU
		{1CB82CC8-56D1-4EF4-9DD4-859845DA1436}.Release|Any CPU.ActiveCfg = Release|Any CPU
		{1CB82CC8-56D1-4EF4-9DD4-859845DA1436}.Release|Any CPU.Build.0 = Release|Any CPU
		{E17C8395-7BB8-469B-8FE2-3B006BE99152}.Debug|Any CPU.ActiveCfg = Debug|Any CPU
		{E17C8395-7BB8-469B-8FE2-3B006BE99152}.Debug|Any CPU.Build.0 = Debug|Any CPU
		{E17C8395-7BB8-469B-8FE2-3B006BE99152}.Release|Any CPU.ActiveCfg = Release|Any CPU
		{E17C8395-7BB8-469B-8FE2-3B006BE99152}.Release|Any CPU.Build.0 = Release|Any CPU
		{E74D98DE-0337-4B15-9421-34EC208BB03F}.Debug|Any CPU.ActiveCfg = Debug|Any CPU
		{E74D98DE-0337-4B15-9421-34EC208BB03F}.Debug|Any CPU.Build.0 = Debug|Any CPU
		{E74D98DE-0337-4B15-9421-34EC208BB03F}.Release|Any CPU.ActiveCfg = Release|Any CPU
		{E74D98DE-0337-4B15-9421-34EC208BB03F}.Release|Any CPU.Build.0 = Release|Any CPU
	EndGlobalSection
	GlobalSection(SolutionProperties) = preSolution
		HideSolutionNode = FALSE
	EndGlobalSection
	GlobalSection(ExtensibilityGlobals) = postSolution
		SolutionGuid = {CC01BB02-0479-44E6-9C9F-AE5F905786B3}
	EndGlobalSection
EndGlobal
